uuid: 51eb6cf7-4560-4ee5-8da8-8b294bba5bac
langcode: en
status: true
dependencies:
  module:
    - greymuzzle
    - system
  theme:
    - greymuzzle9
id: sidebarmenublock
theme: greymuzzle9
region: sidebar
weight: 0
provider: null
plugin: sidebar_menu_block
settings:
  id: sidebar_menu_block
  label: 'Sidebar Menu Block'
  label_display: '0'
  provider: greymuzzle
visibility:
  request_path:
    id: request_path
    negate: true
    pages: '<front>'
