uuid: bfdcd091-5495-4d36-82f6-c704a3963cda
langcode: en
status: true
dependencies:
  module:
    - block_class
    - greymuzzle
    - node
    - system
  theme:
    - greymuzzle9
third_party_settings:
  block_class:
    classes: null
id: sidebarmenublock
theme: greymuzzle9
region: sidebar
weight: 0
provider: null
plugin: sidebar_menu_block
settings:
  id: sidebar_menu_block
  label: 'Sidebar Menu Block'
  label_display: visible
  provider: greymuzzle
visibility:
  request_path:
    id: request_path
    negate: true
    pages: '<front>'
  'entity_bundle:node':
    id: 'entity_bundle:node'
    negate: false
    context_mapping:
      node: '@node.node_route_context:node'
    bundles:
      page: page
