uuid: 44ac0d9b-5cc7-473a-979d-664b89ca5ae6
langcode: en
status: true
dependencies: {  }
id: d7_d7_custom_block
class: Drupal\migrate\Plugin\Migration
field_plugin_method: null
cck_plugin_method: null
migration_tags:
  - 'Drupal 7'
  - Content
migration_group: migrate_drupal_7
label: 'Custom blocks'
source:
  plugin: d7_block_custom
process:
  id:
    -
      plugin: get
      source: bid
  info:
    -
      plugin: get
      source: info
  body/format:
    -
      plugin: migration_lookup
      migration: d7_d7_filter_format
      source: format
  body/value:
    -
      plugin: get
      source: body
destination:
  plugin: 'entity:block_content'
  default_bundle: basic
  no_stub: true
migration_dependencies:
  required:
    - d7_d7_filter_format
    - d7_block_content_body_field
  optional:
    - d7_d7_filter_format
